
Microsoft Visual Studio Solution File, Format Version 12.00
# Visual Studio Version 17
VisualStudioVersion = 17.1.32228.430
MinimumVisualStudioVersion = 10.0.40219.1
Project("{FAE04EC0-301F-11D3-BF4B-00C04F79EFBC}") = "appDiplo.UWP", "appDiplo\appDiplo.UWP\appDiplo.UWP.csproj", "{21897B30-14F7-42E0-AA34-B694852A7C4E}"
EndProject
Project("{FAE04EC0-301F-11D3-BF4B-00C04F79EFBC}") = "appDiplo.Android", "appDiplo\appDiplo.Android\appDiplo.Android.csproj", "{7DE69999-F8A5-4D73-977C-06155CD844BF}"
EndProject
Project("{FAE04EC0-301F-11D3-BF4B-00C04F79EFBC}") = "appDiplo.iOS", "appDiplo\appDiplo.iOS\appDiplo.iOS.csproj", "{C0CC3FF7-53F8-4CF8-9127-2CADF161DBAF}"
EndProject
Project("{FAE04EC0-301F-11D3-BF4B-00C04F79EFBC}") = "appDiplo", "appDiplo\appDiplo\appDiplo.csproj", "{88FAE512-C998-4052-95A5-3654B3A7D853}"
EndProject
Global
	GlobalSection(SolutionConfigurationPlatforms) = preSolution
		Debug|Any CPU = Debug|Any CPU
		Debug|ARM = Debug|ARM
		Debug|iPhone = Debug|iPhone
		Debug|iPhoneSimulator = Debug|iPhoneSimulator
		Debug|x64 = Debug|x64
		Debug|x86 = Debug|x86
		Release|Any CPU = Release|Any CPU
		Release|ARM = Release|ARM
		Release|iPhone = Release|iPhone
		Release|iPhoneSimulator = Release|iPhoneSimulator
		Release|x64 = Release|x64
		Release|x86 = Release|x86
	EndGlobalSection
	GlobalSection(ProjectConfigurationPlatforms) = postSolution
		{21897B30-14F7-42E0-AA34-B694852A7C4E}.Debug|Any CPU.ActiveCfg = Debug|x64
		{21897B30-14F7-42E0-AA34-B694852A7C4E}.Debug|Any CPU.Build.0 = Debug|x64
		{21897B30-14F7-42E0-AA34-B694852A7C4E}.Debug|Any CPU.Deploy.0 = Debug|x64
		{21897B30-14F7-42E0-AA34-B694852A7C4E}.Debug|ARM.ActiveCfg = Debug|ARM
		{21897B30-14F7-42E0-AA34-B694852A7C4E}.Debug|ARM.Build.0 = Debug|ARM
		{21897B30-14F7-42E0-AA34-B694852A7C4E}.Debug|ARM.Deploy.0 = Debug|ARM
		{21897B30-14F7-42E0-AA34-B694852A7C4E}.Debug|iPhone.ActiveCfg = Debug|x64
		{21897B30-14F7-42E0-AA34-B694852A7C4E}.Debug|iPhone.Build.0 = Debug|x64
		{21897B30-14F7-42E0-AA34-B694852A7C4E}.Debug|iPhone.Deploy.0 = Debug|x64
		{21897B30-14F7-42E0-AA34-B694852A7C4E}.Debug|iPhoneSimulator.ActiveCfg = Debug|x64
		{21897B30-14F7-42E0-AA34-B694852A7C4E}.Debug|iPhoneSimulator.Build.0 = Debug|x64
		{21897B30-14F7-42E0-AA34-B694852A7C4E}.Debug|iPhoneSimulator.Deploy.0 = Debug|x64
		{21897B30-14F7-42E0-AA34-B694852A7C4E}.Debug|x64.ActiveCfg = Debug|x64
		{21897B30-14F7-42E0-AA34-B694852A7C4E}.Debug|x64.Build.0 = Debug|x64
		{21897B30-14F7-42E0-AA34-B694852A7C4E}.Debug|x64.Deploy.0 = Debug|x64
		{21897B30-14F7-42E0-AA34-B694852A7C4E}.Debug|x86.ActiveCfg = Debug|x86
		{21897B30-14F7-42E0-AA34-B694852A7C4E}.Debug|x86.Build.0 = Debug|x86
		{21897B30-14F7-42E0-AA34-B694852A7C4E}.Debug|x86.Deploy.0 = Debug|x86
		{21897B30-14F7-42E0-AA34-B694852A7C4E}.Release|Any CPU.ActiveCfg = Release|x64
		{21897B30-14F7-42E0-AA34-B694852A7C4E}.Release|Any CPU.Build.0 = Release|x64
		{21897B30-14F7-42E0-AA34-B694852A7C4E}.Release|Any CPU.Deploy.0 = Release|x64
		{21897B30-14F7-42E0-AA34-B694852A7C4E}.Release|ARM.ActiveCfg = Release|ARM
		{21897B30-14F7-42E0-AA34-B694852A7C4E}.Release|ARM.Build.0 = Release|ARM
		{21897B30-14F7-42E0-AA34-B694852A7C4E}.Release|ARM.Deploy.0 = Release|ARM
		{21897B30-14F7-42E0-AA34-B694852A7C4E}.Release|iPhone.ActiveCfg = Release|x64
		{21897B30-14F7-42E0-AA34-B694852A7C4E}.Release|iPhone.Build.0 = Release|x64
		{21897B30-14F7-42E0-AA34-B694852A7C4E}.Release|iPhone.Deploy.0 = Release|x64
		{21897B30-14F7-42E0-AA34-B694852A7C4E}.Release|iPhoneSimulator.ActiveCfg = Release|x64
		{21897B30-14F7-42E0-AA34-B694852A7C4E}.Release|iPhoneSimulator.Build.0 = Release|x64
		{21897B30-14F7-42E0-AA34-B694852A7C4E}.Release|iPhoneSimulator.Deploy.0 = Release|x64
		{21897B30-14F7-42E0-AA34-B694852A7C4E}.Release|x64.ActiveCfg = Release|x64
		{21897B30-14F7-42E0-AA34-B694852A7C4E}.Release|x64.Build.0 = Release|x64
		{21897B30-14F7-42E0-AA34-B694852A7C4E}.Release|x64.Deploy.0 = Release|x64
		{21897B30-14F7-42E0-AA34-B694852A7C4E}.Release|x86.ActiveCfg = Release|x86
		{21897B30-14F7-42E0-AA34-B694852A7C4E}.Release|x86.Build.0 = Release|x86
		{21897B30-14F7-42E0-AA34-B694852A7C4E}.Release|x86.Deploy.0 = Release|x86
		{7DE69999-F8A5-4D73-977C-06155CD844BF}.Debug|Any CPU.ActiveCfg = Debug|Any CPU
		{7DE69999-F8A5-4D73-977C-06155CD844BF}.Debug|Any CPU.Build.0 = Debug|Any CPU
		{7DE69999-F8A5-4D73-977C-06155CD844BF}.Debug|Any CPU.Deploy.0 = Debug|Any CPU
		{7DE69999-F8A5-4D73-977C-06155CD844BF}.Debug|ARM.ActiveCfg = Debug|Any CPU
		{7DE69999-F8A5-4D73-977C-06155CD844BF}.Debug|ARM.Build.0 = Debug|Any CPU
		{7DE69999-F8A5-4D73-977C-06155CD844BF}.Debug|ARM.Deploy.0 = Debug|Any CPU
		{7DE69999-F8A5-4D73-977C-06155CD844BF}.Debug|iPhone.ActiveCfg = Debug|Any CPU
		{7DE69999-F8A5-4D73-977C-06155CD844BF}.Debug|iPhone.Build.0 = Debug|Any CPU
		{7DE69999-F8A5-4D73-977C-06155CD844BF}.Debug|iPhone.Deploy.0 = Debug|Any CPU
		{7DE69999-F8A5-4D73-977C-06155CD844BF}.Debug|iPhoneSimulator.ActiveCfg = Debug|Any CPU
		{7DE69999-F8A5-4D73-977C-06155CD844BF}.Debug|iPhoneSimulator.Build.0 = Debug|Any CPU
		{7DE69999-F8A5-4D73-977C-06155CD844BF}.Debug|iPhoneSimulator.Deploy.0 = Debug|Any CPU
		{7DE69999-F8A5-4D73-977C-06155CD844BF}.Debug|x64.ActiveCfg = Debug|Any CPU
		{7DE69999-F8A5-4D73-977C-06155CD844BF}.Debug|x64.Build.0 = Debug|Any CPU
		{7DE69999-F8A5-4D73-977C-06155CD844BF}.Debug|x64.Deploy.0 = Debug|Any CPU
		{7DE69999-F8A5-4D73-977C-06155CD844BF}.Debug|x86.ActiveCfg = Debug|Any CPU
		{7DE69999-F8A5-4D73-977C-06155CD844BF}.Debug|x86.Build.0 = Debug|Any CPU
		{7DE69999-F8A5-4D73-977C-06155CD844BF}.Debug|x86.Deploy.0 = Debug|Any CPU
		{7DE69999-F8A5-4D73-977C-06155CD844BF}.Release|Any CPU.ActiveCfg = Release|Any CPU
		{7DE69999-F8A5-4D73-977C-06155CD844BF}.Release|Any CPU.Build.0 = Release|Any CPU
		{7DE69999-F8A5-4D73-977C-06155CD844BF}.Release|Any CPU.Deploy.0 = Release|Any CPU
		{7DE69999-F8A5-4D73-977C-06155CD844BF}.Release|ARM.ActiveCfg = Release|Any CPU
		{7DE69999-F8A5-4D73-977C-06155CD844BF}.Release|ARM.Build.0 = Release|Any CPU
		{7DE69999-F8A5-4D73-977C-06155CD844BF}.Release|ARM.Deploy.0 = Release|Any CPU
		{7DE69999-F8A5-4D73-977C-06155CD844BF}.Release|iPhone.ActiveCfg = Release|Any CPU
		{7DE69999-F8A5-4D73-977C-06155CD844BF}.Release|iPhone.Build.0 = Release|Any CPU
		{7DE69999-F8A5-4D73-977C-06155CD844BF}.Release|iPhone.Deploy.0 = Release|Any CPU
		{7DE69999-F8A5-4D73-977C-06155CD844BF}.Release|iPhoneSimulator.ActiveCfg = Release|Any CPU
		{7DE69999-F8A5-4D73-977C-06155CD844BF}.Release|iPhoneSimulator.Build.0 = Release|Any CPU
		{7DE69999-F8A5-4D73-977C-06155CD844BF}.Release|iPhoneSimulator.Deploy.0 = Release|Any CPU
		{7DE69999-F8A5-4D73-977C-06155CD844BF}.Release|x64.ActiveCfg = Release|Any CPU
		{7DE69999-F8A5-4D73-977C-06155CD844BF}.Release|x64.Build.0 = Release|Any CPU
		{7DE69999-F8A5-4D73-977C-06155CD844BF}.Release|x64.Deploy.0 = Release|Any CPU
		{7DE69999-F8A5-4D73-977C-06155CD844BF}.Release|x86.ActiveCfg = Release|Any CPU
		{7DE69999-F8A5-4D73-977C-06155CD844BF}.Release|x86.Build.0 = Release|Any CPU
		{7DE69999-F8A5-4D73-977C-06155CD844BF}.Release|x86.Deploy.0 = Release|Any CPU
		{C0CC3FF7-53F8-4CF8-9127-2CADF161DBAF}.Debug|Any CPU.ActiveCfg = Debug|iPhoneSimulator
		{C0CC3FF7-53F8-4CF8-9127-2CADF161DBAF}.Debug|Any CPU.Build.0 = Debug|iPhoneSimulator
		{C0CC3FF7-53F8-4CF8-9127-2CADF161DBAF}.Debug|Any CPU.Deploy.0 = Debug|iPhoneSimulator
		{C0CC3FF7-53F8-4CF8-9127-2CADF161DBAF}.Debug|ARM.ActiveCfg = Debug|iPhoneSimulator
		{C0CC3FF7-53F8-4CF8-9127-2CADF161DBAF}.Debug|ARM.Build.0 = Debug|iPhoneSimulator
		{C0CC3FF7-53F8-4CF8-9127-2CADF161DBAF}.Debug|ARM.Deploy.0 = Debug|iPhoneSimulator
		{C0CC3FF7-53F8-4CF8-9127-2CADF161DBAF}.Debug|iPhone.ActiveCfg = Debug|iPhone
		{C0CC3FF7-53F8-4CF8-9127-2CADF161DBAF}.Debug|iPhone.Build.0 = Debug|iPhone
		{C0CC3FF7-53F8-4CF8-9127-2CADF161DBAF}.Debug|iPhone.Deploy.0 = Debug|iPhone
		{C0CC3FF7-53F8-4CF8-9127-2CADF161DBAF}.Debug|iPhoneSimulator.ActiveCfg = Debug|iPhoneSimulator
		{C0CC3FF7-53F8-4CF8-9127-2CADF161DBAF}.Debug|iPhoneSimulator.Build.0 = Debug|iPhoneSimulator
		{C0CC3FF7-53F8-4CF8-9127-2CADF161DBAF}.Debug|iPhoneSimulator.Deploy.0 = Debug|iPhoneSimulator
		{C0CC3FF7-53F8-4CF8-9127-2CADF161DBAF}.Debug|x64.ActiveCfg = Debug|iPhone
		{C0CC3FF7-53F8-4CF8-9127-2CADF161DBAF}.Debug|x64.Build.0 = Debug|iPhone
		{C0CC3FF7-53F8-4CF8-9127-2CADF161DBAF}.Debug|x64.Deploy.0 = Debug|iPhone
		{C0CC3FF7-53F8-4CF8-9127-2CADF161DBAF}.Debug|x86.ActiveCfg = Debug|iPhoneSimulator
		{C0CC3FF7-53F8-4CF8-9127-2CADF161DBAF}.Debug|x86.Build.0 = Debug|iPhoneSimulator
		{C0CC3FF7-53F8-4CF8-9127-2CADF161DBAF}.Debug|x86.Deploy.0 = Debug|iPhoneSimulator
		{C0CC3FF7-53F8-4CF8-9127-2CADF161DBAF}.Release|Any CPU.ActiveCfg = Release|iPhoneSimulator
		{C0CC3FF7-53F8-4CF8-9127-2CADF161DBAF}.Release|Any CPU.Build.0 = Release|iPhoneSimulator
		{C0CC3FF7-53F8-4CF8-9127-2CADF161DBAF}.Release|Any CPU.Deploy.0 = Release|iPhoneSimulator
		{C0CC3FF7-53F8-4CF8-9127-2CADF161DBAF}.Release|ARM.ActiveCfg = Release|iPhoneSimulator
		{C0CC3FF7-53F8-4CF8-9127-2CADF161DBAF}.Release|ARM.Build.0 = Release|iPhoneSimulator
		{C0CC3FF7-53F8-4CF8-9127-2CADF161DBAF}.Release|ARM.Deploy.0 = Release|iPhoneSimulator
		{C0CC3FF7-53F8-4CF8-9127-2CADF161DBAF}.Release|iPhone.ActiveCfg = Release|iPhone
		{C0CC3FF7-53F8-4CF8-9127-2CADF161DBAF}.Release|iPhone.Build.0 = Release|iPhone
		{C0CC3FF7-53F8-4CF8-9127-2CADF161DBAF}.Release|iPhone.Deploy.0 = Release|iPhone
		{C0CC3FF7-53F8-4CF8-9127-2CADF161DBAF}.Release|iPhoneSimulator.ActiveCfg = Release|iPhoneSimulator
		{C0CC3FF7-53F8-4CF8-9127-2CADF161DBAF}.Release|iPhoneSimulator.Build.0 = Release|iPhoneSimulator
		{C0CC3FF7-53F8-4CF8-9127-2CADF161DBAF}.Release|iPhoneSimulator.Deploy.0 = Release|iPhoneSimulator
		{C0CC3FF7-53F8-4CF8-9127-2CADF161DBAF}.Release|x64.ActiveCfg = Release|iPhoneSimulator
		{C0CC3FF7-53F8-4CF8-9127-2CADF161DBAF}.Release|x64.Build.0 = Release|iPhoneSimulator
		{C0CC3FF7-53F8-4CF8-9127-2CADF161DBAF}.Release|x64.Deploy.0 = Release|iPhoneSimulator
		{C0CC3FF7-53F8-4CF8-9127-2CADF161DBAF}.Release|x86.ActiveCfg = Release|iPhoneSimulator
		{C0CC3FF7-53F8-4CF8-9127-2CADF161DBAF}.Release|x86.Build.0 = Release|iPhoneSimulator
		{C0CC3FF7-53F8-4CF8-9127-2CADF161DBAF}.Release|x86.Deploy.0 = Release|iPhoneSimulator
		{88FAE512-C998-4052-95A5-3654B3A7D853}.Debug|Any CPU.ActiveCfg = Debug|Any CPU
		{88FAE512-C998-4052-95A5-3654B3A7D853}.Debug|Any CPU.Build.0 = Debug|Any CPU
		{88FAE512-C998-4052-95A5-3654B3A7D853}.Debug|Any CPU.Deploy.0 = Debug|Any CPU
		{88FAE512-C998-4052-95A5-3654B3A7D853}.Debug|ARM.ActiveCfg = Debug|Any CPU
		{88FAE512-C998-4052-95A5-3654B3A7D853}.Debug|ARM.Build.0 = Debug|Any CPU
		{88FAE512-C998-4052-95A5-3654B3A7D853}.Debug|ARM.Deploy.0 = Debug|Any CPU
		{88FAE512-C998-4052-95A5-3654B3A7D853}.Debug|iPhone.ActiveCfg = Debug|Any CPU
		{88FAE512-C998-4052-95A5-3654B3A7D853}.Debug|iPhone.Build.0 = Debug|Any CPU
		{88FAE512-C998-4052-95A5-3654B3A7D853}.Debug|iPhone.Deploy.0 = Debug|Any CPU
		{88FAE512-C998-4052-95A5-3654B3A7D853}.Debug|iPhoneSimulator.ActiveCfg = Debug|Any CPU
		{88FAE512-C998-4052-95A5-3654B3A7D853}.Debug|iPhoneSimulator.Build.0 = Debug|Any CPU
		{88FAE512-C998-4052-95A5-3654B3A7D853}.Debug|iPhoneSimulator.Deploy.0 = Debug|Any CPU
		{88FAE512-C998-4052-95A5-3654B3A7D853}.Debug|x64.ActiveCfg = Debug|Any CPU
		{88FAE512-C998-4052-95A5-3654B3A7D853}.Debug|x64.Build.0 = Debug|Any CPU
		{88FAE512-C998-4052-95A5-3654B3A7D853}.Debug|x64.Deploy.0 = Debug|Any CPU
		{88FAE512-C998-4052-95A5-3654B3A7D853}.Debug|x86.ActiveCfg = Debug|Any CPU
		{88FAE512-C998-4052-95A5-3654B3A7D853}.Debug|x86.Build.0 = Debug|Any CPU
		{88FAE512-C998-4052-95A5-3654B3A7D853}.Debug|x86.Deploy.0 = Debug|Any CPU
		{88FAE512-C998-4052-95A5-3654B3A7D853}.Release|Any CPU.ActiveCfg = Release|Any CPU
		{88FAE512-C998-4052-95A5-3654B3A7D853}.Release|Any CPU.Build.0 = Release|Any CPU
		{88FAE512-C998-4052-95A5-3654B3A7D853}.Release|Any CPU.Deploy.0 = Release|Any CPU
		{88FAE512-C998-4052-95A5-3654B3A7D853}.Release|ARM.ActiveCfg = Release|Any CPU
		{88FAE512-C998-4052-95A5-3654B3A7D853}.Release|ARM.Build.0 = Release|Any CPU
		{88FAE512-C998-4052-95A5-3654B3A7D853}.Release|ARM.Deploy.0 = Release|Any CPU
		{88FAE512-C998-4052-95A5-3654B3A7D853}.Release|iPhone.ActiveCfg = Release|Any CPU
		{88FAE512-C998-4052-95A5-3654B3A7D853}.Release|iPhone.Build.0 = Release|Any CPU
		{88FAE512-C998-4052-95A5-3654B3A7D853}.Release|iPhone.Deploy.0 = Release|Any CPU
		{88FAE512-C998-4052-95A5-3654B3A7D853}.Release|iPhoneSimulator.ActiveCfg = Release|Any CPU
		{88FAE512-C998-4052-95A5-3654B3A7D853}.Release|iPhoneSimulator.Build.0 = Release|Any CPU
		{88FAE512-C998-4052-95A5-3654B3A7D853}.Release|iPhoneSimulator.Deploy.0 = Release|Any CPU
		{88FAE512-C998-4052-95A5-3654B3A7D853}.Release|x64.ActiveCfg = Release|Any CPU
		{88FAE512-C998-4052-95A5-3654B3A7D853}.Release|x64.Build.0 = Release|Any CPU
		{88FAE512-C998-4052-95A5-3654B3A7D853}.Release|x64.Deploy.0 = Release|Any CPU
		{88FAE512-C998-4052-95A5-3654B3A7D853}.Release|x86.ActiveCfg = Release|Any CPU
		{88FAE512-C998-4052-95A5-3654B3A7D853}.Release|x86.Build.0 = Release|Any CPU
		{88FAE512-C998-4052-95A5-3654B3A7D853}.Release|x86.Deploy.0 = Release|Any CPU
	EndGlobalSection
	GlobalSection(SolutionProperties) = preSolution
		HideSolutionNode = FALSE
	EndGlobalSection
	GlobalSection(ExtensibilityGlobals) = postSolution
		SolutionGuid = {88B7398D-473C-4E81-96E7-430541F63FCE}
	EndGlobalSection
EndGlobal
